Microsoft Visual Studio Solution File, Format Version 12.00
# Visual Studio 15
VisualStudioVersion = 15.0.27703.2000
MinimumVisualStudioVersion = 10.0.40219.1
Project("{6EC3EE1D-3C4E-46DD-8F32-0CC8E7565705}") = "LearningFSharp.Structures", "LearningFSharp.Structures\LearningFSharp.Structures.fsproj", "{6F986F25-92EF-4780-B9C5-0FB8834E6ECC}"
EndProject
Project("{6EC3EE1D-3C4E-46DD-8F32-0CC8E7565705}") = "LearningFSharp.Structures.Tests", "LearningFSharp.Structures.Tests\LearningFSharp.Structures.Tests.fsproj", "{EEBAC509-3039-4C7E-B82B-7D0BE758BAD2}"
EndProject
Project("{6EC3EE1D-3C4E-46DD-8F32-0CC8E7565705}") = "LearningFSharp", "LearningFSharp\LearningFSharp.fsproj", "{9AAAE704-BBE0-43E6-8490-4F8A2F1FDF95}"
EndProject
Project("{6EC3EE1D-3C4E-46DD-8F32-0CC8E7565705}") = "LearningFSharp.Tests", "LearningFSharp.Tests\LearningFSharp.Tests.fsproj", "{F865FC59-457C-4D11-B1F1-E57DF2F0AACA}"
EndProject
Project("{6EC3EE1D-3C4E-46DD-8F32-0CC8E7565705}") = "LearningFSharp.ConsoleGame", "LearningFSharp.ConsoleGame\LearningFSharp.ConsoleGame.fsproj", "{38F470E4-C1C6-4B2A-8CA8-5C3938DC40C7}"
EndProject
Project("{6EC3EE1D-3C4E-46DD-8F32-0CC8E7565705}") = "LearningFSharp.ConsoleGameTests", "LearningFSharp.ConsoleGameTests\LearningFSharp.ConsoleGameTests.fsproj", "{8EE0057D-833D-4B9C-9D9B-09878CCD98DD}"
EndProject
Project("{2150E333-8FDC-42A3-9474-1A3956D46DE8}") = "Games", "Games", "{C8F0F6E1-81FA-43CD-A702-C4BCB6B03EFE}"
EndProject
Project("{6EC3EE1D-3C4E-46DD-8F32-0CC8E7565705}") = "LearningFSharp.Games.GuessNumber", "LearningFSharp.Games.GuessNumber\LearningFSharp.Games.GuessNumber.fsproj", "{8DC53265-684D-4F10-9907-11A0C3F5719E}"
EndProject
Project("{6EC3EE1D-3C4E-46DD-8F32-0CC8E7565705}") = "LearningFSharp.Utils", "LearningFSharp.Utils\LearningFSharp.Utils.fsproj", "{EB3D9E20-F914-46C1-93FB-587762B78846}"
EndProject
Project("{6EC3EE1D-3C4E-46DD-8F32-0CC8E7565705}") = "LearningFSharp.Games.Snake", "LearningFSharp.Games.Snake\LearningFSharp.Games.Snake.fsproj", "{7DA86941-B04F-45B8-A0AE-2EC8F35640E6}"
EndProject
Project("{6EC3EE1D-3C4E-46DD-8F32-0CC8E7565705}") = "LearningFSharp.Bytecode", "LearningFSharp.Bytecode\LearningFSharp.Bytecode.fsproj", "{EEE80E60-A474-4260-911F-91933DF8402E}"
EndProject
Project("{6EC3EE1D-3C4E-46DD-8F32-0CC8E7565705}") = "LearningFSharp.Bytecode.Tests", "LearningFSharp.Bytecode.Tests\LearningFSharp.Bytecode.Tests.fsproj", "{A63D7BD1-F7C2-458E-91EA-328D58B7FD03}"
EndProject
Project("{2150E333-8FDC-42A3-9474-1A3956D46DE8}") = "Bytecode", "Bytecode", "{8B32673A-3EBF-40F2-938D-F8E780B2D066}"
EndProject
Project("{6EC3EE1D-3C4E-46DD-8F32-0CC8E7565705}") = "LearningFSharp.Bytecode.SmallAssembler", "LearningFSharp.Bytecode.SmallAssembler\LearningFSharp.Bytecode.SmallAssembler.fsproj", "{92140EA0-FF63-4392-8C9F-D5D87A924E39}"
EndProject
Project("{6EC3EE1D-3C4E-46DD-8F32-0CC8E7565705}") = "LearningFSharp.Bytecode.SmallAssembler.Console", "LearningFSharp.Bytecode.SmallAssembler.Console\LearningFSharp.Bytecode.SmallAssembler.Console.fsproj", "{8231740E-67D5-421A-8BC2-887BBBEE3702}"
EndProject
Project("{6EC3EE1D-3C4E-46DD-8F32-0CC8E7565705}") = "LearningFSharp.Bytecode.SmallAssembler.Tests", "LearningFSharp.Bytecode.SmallAssembler.Tests\LearningFSharp.Bytecode.SmallAssembler.Tests.fsproj", "{045191DD-95E2-4319-A1E3-58D2247F76FC}"
EndProject
Global
	GlobalSection(SolutionConfigurationPlatforms) = preSolution
		Debug|Any CPU = Debug|Any CPU
		Debug|x64 = Debug|x64
		Debug|x86 = Debug|x86
		Release|Any CPU = Release|Any CPU
		Release|x64 = Release|x64
		Release|x86 = Release|x86
	EndGlobalSection
	GlobalSection(ProjectConfigurationPlatforms) = postSolution
		{6F986F25-92EF-4780-B9C5-0FB8834E6ECC}.Debug|Any CPU.ActiveCfg = Debug|Any CPU
		{6F986F25-92EF-4780-B9C5-0FB8834E6ECC}.Debug|Any CPU.Build.0 = Debug|Any CPU
		{6F986F25-92EF-4780-B9C5-0FB8834E6ECC}.Debug|x64.ActiveCfg = Debug|Any CPU
		{6F986F25-92EF-4780-B9C5-0FB8834E6ECC}.Debug|x64.Build.0 = Debug|Any CPU
		{6F986F25-92EF-4780-B9C5-0FB8834E6ECC}.Debug|x86.ActiveCfg = Debug|Any CPU
		{6F986F25-92EF-4780-B9C5-0FB8834E6ECC}.Debug|x86.Build.0 = Debug|Any CPU
		{6F986F25-92EF-4780-B9C5-0FB8834E6ECC}.Release|Any CPU.ActiveCfg = Release|Any CPU
		{6F986F25-92EF-4780-B9C5-0FB8834E6ECC}.Release|Any CPU.Build.0 = Release|Any CPU
		{6F986F25-92EF-4780-B9C5-0FB8834E6ECC}.Release|x64.ActiveCfg = Release|Any CPU
		{6F986F25-92EF-4780-B9C5-0FB8834E6ECC}.Release|x64.Build.0 = Release|Any CPU
		{6F986F25-92EF-4780-B9C5-0FB8834E6ECC}.Release|x86.ActiveCfg = Release|Any CPU
		{6F986F25-92EF-4780-B9C5-0FB8834E6ECC}.Release|x86.Build.0 = Release|Any CPU
		{EEBAC509-3039-4C7E-B82B-7D0BE758BAD2}.Debug|Any CPU.ActiveCfg = Debug|Any CPU
		{EEBAC509-3039-4C7E-B82B-7D0BE758BAD2}.Debug|Any CPU.Build.0 = Debug|Any CPU
		{EEBAC509-3039-4C7E-B82B-7D0BE758BAD2}.Debug|x64.ActiveCfg = Debug|Any CPU
		{EEBAC509-3039-4C7E-B82B-7D0BE758BAD2}.Debug|x64.Build.0 = Debug|Any CPU
		{EEBAC509-3039-4C7E-B82B-7D0BE758BAD2}.Debug|x86.ActiveCfg = Debug|Any CPU
		{EEBAC509-3039-4C7E-B82B-7D0BE758BAD2}.Debug|x86.Build.0 = Debug|Any CPU
		{EEBAC509-3039-4C7E-B82B-7D0BE758BAD2}.Release|Any CPU.ActiveCfg = Release|Any CPU
		{EEBAC509-3039-4C7E-B82B-7D0BE758BAD2}.Release|Any CPU.Build.0 = Release|Any CPU
		{EEBAC509-3039-4C7E-B82B-7D0BE758BAD2}.Release|x64.ActiveCfg = Release|Any CPU
		{EEBAC509-3039-4C7E-B82B-7D0BE758BAD2}.Release|x64.Build.0 = Release|Any CPU
		{EEBAC509-3039-4C7E-B82B-7D0BE758BAD2}.Release|x86.ActiveCfg = Release|Any CPU
		{EEBAC509-3039-4C7E-B82B-7D0BE758BAD2}.Release|x86.Build.0 = Release|Any CPU
		{9AAAE704-BBE0-43E6-8490-4F8A2F1FDF95}.Debug|Any CPU.ActiveCfg = Debug|Any CPU
		{9AAAE704-BBE0-43E6-8490-4F8A2F1FDF95}.Debug|Any CPU.Build.0 = Debug|Any CPU
		{9AAAE704-BBE0-43E6-8490-4F8A2F1FDF95}.Debug|x64.ActiveCfg = Debug|Any CPU
		{9AAAE704-BBE0-43E6-8490-4F8A2F1FDF95}.Debug|x64.Build.0 = Debug|Any CPU
		{9AAAE704-BBE0-43E6-8490-4F8A2F1FDF95}.Debug|x86.ActiveCfg = Debug|Any CPU
		{9AAAE704-BBE0-43E6-8490-4F8A2F1FDF95}.Debug|x86.Build.0 = Debug|Any CPU
		{9AAAE704-BBE0-43E6-8490-4F8A2F1FDF95}.Release|Any CPU.ActiveCfg = Release|Any CPU
		{9AAAE704-BBE0-43E6-8490-4F8A2F1FDF95}.Release|Any CPU.Build.0 = Release|Any CPU
		{9AAAE704-BBE0-43E6-8490-4F8A2F1FDF95}.Release|x64.ActiveCfg = Release|Any CPU
		{9AAAE704-BBE0-43E6-8490-4F8A2F1FDF95}.Release|x64.Build.0 = Release|Any CPU
		{9AAAE704-BBE0-43E6-8490-4F8A2F1FDF95}.Release|x86.ActiveCfg = Release|Any CPU
		{9AAAE704-BBE0-43E6-8490-4F8A2F1FDF95}.Release|x86.Build.0 = Release|Any CPU
		{F865FC59-457C-4D11-B1F1-E57DF2F0AACA}.Debug|Any CPU.ActiveCfg = Debug|Any CPU
		{F865FC59-457C-4D11-B1F1-E57DF2F0AACA}.Debug|Any CPU.Build.0 = Debug|Any CPU
		{F865FC59-457C-4D11-B1F1-E57DF2F0AACA}.Debug|x64.ActiveCfg = Debug|Any CPU
		{F865FC59-457C-4D11-B1F1-E57DF2F0AACA}.Debug|x64.Build.0 = Debug|Any CPU
		{F865FC59-457C-4D11-B1F1-E57DF2F0AACA}.Debug|x86.ActiveCfg = Debug|Any CPU
		{F865FC59-457C-4D11-B1F1-E57DF2F0AACA}.Debug|x86.Build.0 = Debug|Any CPU
		{F865FC59-457C-4D11-B1F1-E57DF2F0AACA}.Release|Any CPU.ActiveCfg = Release|Any CPU
		{F865FC59-457C-4D11-B1F1-E57DF2F0AACA}.Release|Any CPU.Build.0 = Release|Any CPU
		{F865FC59-457C-4D11-B1F1-E57DF2F0AACA}.Release|x64.ActiveCfg = Release|Any CPU
		{F865FC59-457C-4D11-B1F1-E57DF2F0AACA}.Release|x64.Build.0 = Release|Any CPU
		{F865FC59-457C-4D11-B1F1-E57DF2F0AACA}.Release|x86.ActiveCfg = Release|Any CPU
		{F865FC59-457C-4D11-B1F1-E57DF2F0AACA}.Release|x86.Build.0 = Release|Any CPU
		{38F470E4-C1C6-4B2A-8CA8-5C3938DC40C7}.Debug|Any CPU.ActiveCfg = Debug|Any CPU
		{38F470E4-C1C6-4B2A-8CA8-5C3938DC40C7}.Debug|Any CPU.Build.0 = Debug|Any CPU
		{38F470E4-C1C6-4B2A-8CA8-5C3938DC40C7}.Debug|x64.ActiveCfg = Debug|Any CPU
		{38F470E4-C1C6-4B2A-8CA8-5C3938DC40C7}.Debug|x64.Build.0 = Debug|Any CPU
		{38F470E4-C1C6-4B2A-8CA8-5C3938DC40C7}.Debug|x86.ActiveCfg = Debug|Any CPU
		{38F470E4-C1C6-4B2A-8CA8-5C3938DC40C7}.Debug|x86.Build.0 = Debug|Any CPU
		{38F470E4-C1C6-4B2A-8CA8-5C3938DC40C7}.Release|Any CPU.ActiveCfg = Release|Any CPU
		{38F470E4-C1C6-4B2A-8CA8-5C3938DC40C7}.Release|Any CPU.Build.0 = Release|Any CPU
		{38F470E4-C1C6-4B2A-8CA8-5C3938DC40C7}.Release|x64.ActiveCfg = Release|Any CPU
		{38F470E4-C1C6-4B2A-8CA8-5C3938DC40C7}.Release|x64.Build.0 = Release|Any CPU
		{38F470E4-C1C6-4B2A-8CA8-5C3938DC40C7}.Release|x86.ActiveCfg = Release|Any CPU
		{38F470E4-C1C6-4B2A-8CA8-5C3938DC40C7}.Release|x86.Build.0 = Release|Any CPU
		{8EE0057D-833D-4B9C-9D9B-09878CCD98DD}.Debug|Any CPU.ActiveCfg = Debug|Any CPU
		{8EE0057D-833D-4B9C-9D9B-09878CCD98DD}.Debug|Any CPU.Build.0 = Debug|Any CPU
		{8EE0057D-833D-4B9C-9D9B-09878CCD98DD}.Debug|x64.ActiveCfg = Debug|Any CPU
		{8EE0057D-833D-4B9C-9D9B-09878CCD98DD}.Debug|x64.Build.0 = Debug|Any CPU
		{8EE0057D-833D-4B9C-9D9B-09878CCD98DD}.Debug|x86.ActiveCfg = Debug|Any CPU
		{8EE0057D-833D-4B9C-9D9B-09878CCD98DD}.Debug|x86.Build.0 = Debug|Any CPU
		{8EE0057D-833D-4B9C-9D9B-09878CCD98DD}.Release|Any CPU.ActiveCfg = Release|Any CPU
		{8EE0057D-833D-4B9C-9D9B-09878CCD98DD}.Release|Any CPU.Build.0 = Release|Any CPU
		{8EE0057D-833D-4B9C-9D9B-09878CCD98DD}.Release|x64.ActiveCfg = Release|Any CPU
		{8EE0057D-833D-4B9C-9D9B-09878CCD98DD}.Release|x64.Build.0 = Release|Any CPU
		{8EE0057D-833D-4B9C-9D9B-09878CCD98DD}.Release|x86.ActiveCfg = Release|Any CPU
		{8EE0057D-833D-4B9C-9D9B-09878CCD98DD}.Release|x86.Build.0 = Release|Any CPU
		{8DC53265-684D-4F10-9907-11A0C3F5719E}.Debug|Any CPU.ActiveCfg = Debug|Any CPU
		{8DC53265-684D-4F10-9907-11A0C3F5719E}.Debug|Any CPU.Build.0 = Debug|Any CPU
		{8DC53265-684D-4F10-9907-11A0C3F5719E}.Debug|x64.ActiveCfg = Debug|Any CPU
		{8DC53265-684D-4F10-9907-11A0C3F5719E}.Debug|x64.Build.0 = Debug|Any CPU
		{8DC53265-684D-4F10-9907-11A0C3F5719E}.Debug|x86.ActiveCfg = Debug|Any CPU
		{8DC53265-684D-4F10-9907-11A0C3F5719E}.Debug|x86.Build.0 = Debug|Any CPU
		{8DC53265-684D-4F10-9907-11A0C3F5719E}.Release|Any CPU.ActiveCfg = Release|Any CPU
		{8DC53265-684D-4F10-9907-11A0C3F5719E}.Release|Any CPU.Build.0 = Release|Any CPU
		{8DC53265-684D-4F10-9907-11A0C3F5719E}.Release|x64.ActiveCfg = Release|Any CPU
		{8DC53265-684D-4F10-9907-11A0C3F5719E}.Release|x64.Build.0 = Release|Any CPU
		{8DC53265-684D-4F10-9907-11A0C3F5719E}.Release|x86.ActiveCfg = Release|Any CPU
		{8DC53265-684D-4F10-9907-11A0C3F5719E}.Release|x86.Build.0 = Release|Any CPU
		{EB3D9E20-F914-46C1-93FB-587762B78846}.Debug|Any CPU.ActiveCfg = Debug|Any CPU
		{EB3D9E20-F914-46C1-93FB-587762B78846}.Debug|Any CPU.Build.0 = Debug|Any CPU
		{EB3D9E20-F914-46C1-93FB-587762B78846}.Debug|x64.ActiveCfg = Debug|Any CPU
		{EB3D9E20-F914-46C1-93FB-587762B78846}.Debug|x64.Build.0 = Debug|Any CPU
		{EB3D9E20-F914-46C1-93FB-587762B78846}.Debug|x86.ActiveCfg = Debug|Any CPU
		{EB3D9E20-F914-46C1-93FB-587762B78846}.Debug|x86.Build.0 = Debug|Any CPU
		{EB3D9E20-F914-46C1-93FB-587762B78846}.Release|Any CPU.ActiveCfg = Release|Any CPU
		{EB3D9E20-F914-46C1-93FB-587762B78846}.Release|Any CPU.Build.0 = Release|Any CPU
		{EB3D9E20-F914-46C1-93FB-587762B78846}.Release|x64.ActiveCfg = Release|Any CPU
		{EB3D9E20-F914-46C1-93FB-587762B78846}.Release|x64.Build.0 = Release|Any CPU
		{EB3D9E20-F914-46C1-93FB-587762B78846}.Release|x86.ActiveCfg = Release|Any CPU
		{EB3D9E20-F914-46C1-93FB-587762B78846}.Release|x86.Build.0 = Release|Any CPU
		{7DA86941-B04F-45B8-A0AE-2EC8F35640E6}.Debug|Any CPU.ActiveCfg = Debug|Any CPU
		{7DA86941-B04F-45B8-A0AE-2EC8F35640E6}.Debug|Any CPU.Build.0 = Debug|Any CPU
		{7DA86941-B04F-45B8-A0AE-2EC8F35640E6}.Debug|x64.ActiveCfg = Debug|Any CPU
		{7DA86941-B04F-45B8-A0AE-2EC8F35640E6}.Debug|x64.Build.0 = Debug|Any CPU
		{7DA86941-B04F-45B8-A0AE-2EC8F35640E6}.Debug|x86.ActiveCfg = Debug|Any CPU
		{7DA86941-B04F-45B8-A0AE-2EC8F35640E6}.Debug|x86.Build.0 = Debug|Any CPU
		{7DA86941-B04F-45B8-A0AE-2EC8F35640E6}.Release|Any CPU.ActiveCfg = Release|Any CPU
		{7DA86941-B04F-45B8-A0AE-2EC8F35640E6}.Release|Any CPU.Build.0 = Release|Any CPU
		{7DA86941-B04F-45B8-A0AE-2EC8F35640E6}.Release|x64.ActiveCfg = Release|Any CPU
		{7DA86941-B04F-45B8-A0AE-2EC8F35640E6}.Release|x64.Build.0 = Release|Any CPU
		{7DA86941-B04F-45B8-A0AE-2EC8F35640E6}.Release|x86.ActiveCfg = Release|Any CPU
		{7DA86941-B04F-45B8-A0AE-2EC8F35640E6}.Release|x86.Build.0 = Release|Any CPU
		{EEE80E60-A474-4260-911F-91933DF8402E}.Debug|Any CPU.ActiveCfg = Debug|Any CPU
		{EEE80E60-A474-4260-911F-91933DF8402E}.Debug|Any CPU.Build.0 = Debug|Any CPU
		{EEE80E60-A474-4260-911F-91933DF8402E}.Debug|x64.ActiveCfg = Debug|Any CPU
		{EEE80E60-A474-4260-911F-91933DF8402E}.Debug|x64.Build.0 = Debug|Any CPU
		{EEE80E60-A474-4260-911F-91933DF8402E}.Debug|x86.ActiveCfg = Debug|Any CPU
		{EEE80E60-A474-4260-911F-91933DF8402E}.Debug|x86.Build.0 = Debug|Any CPU
		{EEE80E60-A474-4260-911F-91933DF8402E}.Release|Any CPU.ActiveCfg = Release|Any CPU
		{EEE80E60-A474-4260-911F-91933DF8402E}.Release|Any CPU.Build.0 = Release|Any CPU
		{EEE80E60-A474-4260-911F-91933DF8402E}.Release|x64.ActiveCfg = Release|Any CPU
		{EEE80E60-A474-4260-911F-91933DF8402E}.Release|x64.Build.0 = Release|Any CPU
		{EEE80E60-A474-4260-911F-91933DF8402E}.Release|x86.ActiveCfg = Release|Any CPU
		{EEE80E60-A474-4260-911F-91933DF8402E}.Release|x86.Build.0 = Release|Any CPU
		{A63D7BD1-F7C2-458E-91EA-328D58B7FD03}.Debug|Any CPU.ActiveCfg = Debug|Any CPU
		{A63D7BD1-F7C2-458E-91EA-328D58B7FD03}.Debug|Any CPU.Build.0 = Debug|Any CPU
		{A63D7BD1-F7C2-458E-91EA-328D58B7FD03}.Debug|x64.ActiveCfg = Debug|Any CPU
		{A63D7BD1-F7C2-458E-91EA-328D58B7FD03}.Debug|x64.Build.0 = Debug|Any CPU
		{A63D7BD1-F7C2-458E-91EA-328D58B7FD03}.Debug|x86.ActiveCfg = Debug|Any CPU
		{A63D7BD1-F7C2-458E-91EA-328D58B7FD03}.Debug|x86.Build.0 = Debug|Any CPU
		{A63D7BD1-F7C2-458E-91EA-328D58B7FD03}.Release|Any CPU.ActiveCfg = Release|Any CPU
		{A63D7BD1-F7C2-458E-91EA-328D58B7FD03}.Release|Any CPU.Build.0 = Release|Any CPU
		{A63D7BD1-F7C2-458E-91EA-328D58B7FD03}.Release|x64.ActiveCfg = Release|Any CPU
		{A63D7BD1-F7C2-458E-91EA-328D58B7FD03}.Release|x64.Build.0 = Release|Any CPU
		{A63D7BD1-F7C2-458E-91EA-328D58B7FD03}.Release|x86.ActiveCfg = Release|Any CPU
		{A63D7BD1-F7C2-458E-91EA-328D58B7FD03}.Release|x86.Build.0 = Release|Any CPU
		{92140EA0-FF63-4392-8C9F-D5D87A924E39}.Debug|Any CPU.ActiveCfg = Debug|Any CPU
		{92140EA0-FF63-4392-8C9F-D5D87A924E39}.Debug|Any CPU.Build.0 = Debug|Any CPU
		{92140EA0-FF63-4392-8C9F-D5D87A924E39}.Debug|x64.ActiveCfg = Debug|Any CPU
		{92140EA0-FF63-4392-8C9F-D5D87A924E39}.Debug|x64.Build.0 = Debug|Any CPU
		{92140EA0-FF63-4392-8C9F-D5D87A924E39}.Debug|x86.ActiveCfg = Debug|Any CPU
		{92140EA0-FF63-4392-8C9F-D5D87A924E39}.Debug|x86.Build.0 = Debug|Any CPU
		{92140EA0-FF63-4392-8C9F-D5D87A924E39}.Release|Any CPU.ActiveCfg = Release|Any CPU
		{92140EA0-FF63-4392-8C9F-D5D87A924E39}.Release|Any CPU.Build.0 = Release|Any CPU
		{92140EA0-FF63-4392-8C9F-D5D87A924E39}.Release|x64.ActiveCfg = Release|Any CPU
		{92140EA0-FF63-4392-8C9F-D5D87A924E39}.Release|x64.Build.0 = Release|Any CPU
		{92140EA0-FF63-4392-8C9F-D5D87A924E39}.Release|x86.ActiveCfg = Release|Any CPU
		{92140EA0-FF63-4392-8C9F-D5D87A924E39}.Release|x86.Build.0 = Release|Any CPU
		{8231740E-67D5-421A-8BC2-887BBBEE3702}.Debug|Any CPU.ActiveCfg = Debug|Any CPU
		{8231740E-67D5-421A-8BC2-887BBBEE3702}.Debug|Any CPU.Build.0 = Debug|Any CPU
		{8231740E-67D5-421A-8BC2-887BBBEE3702}.Debug|x64.ActiveCfg = Debug|Any CPU
		{8231740E-67D5-421A-8BC2-887BBBEE3702}.Debug|x64.Build.0 = Debug|Any CPU
		{8231740E-67D5-421A-8BC2-887BBBEE3702}.Debug|x86.ActiveCfg = Debug|Any CPU
		{8231740E-67D5-421A-8BC2-887BBBEE3702}.Debug|x86.Build.0 = Debug|Any CPU
		{8231740E-67D5-421A-8BC2-887BBBEE3702}.Release|Any CPU.ActiveCfg = Release|Any CPU
		{8231740E-67D5-421A-8BC2-887BBBEE3702}.Release|Any CPU.Build.0 = Release|Any CPU
		{8231740E-67D5-421A-8BC2-887BBBEE3702}.Release|x64.ActiveCfg = Release|Any CPU
		{8231740E-67D5-421A-8BC2-887BBBEE3702}.Release|x64.Build.0 = Release|Any CPU
		{8231740E-67D5-421A-8BC2-887BBBEE3702}.Release|x86.ActiveCfg = Release|Any CPU
		{8231740E-67D5-421A-8BC2-887BBBEE3702}.Release|x86.Build.0 = Release|Any CPU
		{045191DD-95E2-4319-A1E3-58D2247F76FC}.Debug|Any CPU.ActiveCfg = Debug|Any CPU
		{045191DD-95E2-4319-A1E3-58D2247F76FC}.Debug|Any CPU.Build.0 = Debug|Any CPU
		{045191DD-95E2-4319-A1E3-58D2247F76FC}.Debug|x64.ActiveCfg = Debug|Any CPU
		{045191DD-95E2-4319-A1E3-58D2247F76FC}.Debug|x64.Build.0 = Debug|Any CPU
		{045191DD-95E2-4319-A1E3-58D2247F76FC}.Debug|x86.ActiveCfg = Debug|Any CPU
		{045191DD-95E2-4319-A1E3-58D2247F76FC}.Debug|x86.Build.0 = Debug|Any CPU
		{045191DD-95E2-4319-A1E3-58D2247F76FC}.Release|Any CPU.ActiveCfg = Release|Any CPU
		{045191DD-95E2-4319-A1E3-58D2247F76FC}.Release|Any CPU.Build.0 = Release|Any CPU
		{045191DD-95E2-4319-A1E3-58D2247F76FC}.Release|x64.ActiveCfg = Release|Any CPU
		{045191DD-95E2-4319-A1E3-58D2247F76FC}.Release|x64.Build.0 = Release|Any CPU
		{045191DD-95E2-4319-A1E3-58D2247F76FC}.Release|x86.ActiveCfg = Release|Any CPU
		{045191DD-95E2-4319-A1E3-58D2247F76FC}.Release|x86.Build.0 = Release|Any CPU
	EndGlobalSection
	GlobalSection(SolutionProperties) = preSolution
		HideSolutionNode = FALSE
	EndGlobalSection
	GlobalSection(NestedProjects) = preSolution
		{8DC53265-684D-4F10-9907-11A0C3F5719E} = {C8F0F6E1-81FA-43CD-A702-C4BCB6B03EFE}
		{7DA86941-B04F-45B8-A0AE-2EC8F35640E6} = {C8F0F6E1-81FA-43CD-A702-C4BCB6B03EFE}
		{EEE80E60-A474-4260-911F-91933DF8402E} = {8B32673A-3EBF-40F2-938D-F8E780B2D066}
		{A63D7BD1-F7C2-458E-91EA-328D58B7FD03} = {8B32673A-3EBF-40F2-938D-F8E780B2D066}
		{92140EA0-FF63-4392-8C9F-D5D87A924E39} = {8B32673A-3EBF-40F2-938D-F8E780B2D066}
		{8231740E-67D5-421A-8BC2-887BBBEE3702} = {8B32673A-3EBF-40F2-938D-F8E780B2D066}
		{045191DD-95E2-4319-A1E3-58D2247F76FC} = {8B32673A-3EBF-40F2-938D-F8E780B2D066}
	EndGlobalSection
	GlobalSection(ExtensibilityGlobals) = postSolution
		SolutionGuid = {C383BE4B-B45D-40FC-8CAA-78FA576D8647}
	EndGlobalSection
EndGlobal
