
Microsoft Visual Studio Solution File, Format Version 12.00
# Visual Studio 15
VisualStudioVersion = 15.0.27703.2000
MinimumVisualStudioVersion = 10.0.40219.1
Project("{F2A71F9B-5D33-465A-A702-920D77279786}") = "FSharp.Tests", "FSharp.Tests\FSharp.Tests.fsproj", "{8E8E80E3-69CA-4F56-A1DA-05117D2B2201}"
EndProject
Global
	GlobalSection(SolutionConfigurationPlatforms) = preSolution
		Debug|Any CPU = Debug|Any CPU
		Release|Any CPU = Release|Any CPU
	EndGlobalSection
	GlobalSection(ProjectConfigurationPlatforms) = postSolution
		{8E8E80E3-69CA-4F56-A1DA-05117D2B2201}.Debug|Any CPU.ActiveCfg = Debug|Any CPU
		{8E8E80E3-69CA-4F56-A1DA-05117D2B2201}.Debug|Any CPU.Build.0 = Debug|Any CPU
		{8E8E80E3-69CA-4F56-A1DA-05117D2B2201}.Release|Any CPU.ActiveCfg = Release|Any CPU
		{8E8E80E3-69CA-4F56-A1DA-05117D2B2201}.Release|Any CPU.Build.0 = Release|Any CPU
	EndGlobalSection
	GlobalSection(SolutionProperties) = preSolution
		HideSolutionNode = FALSE
	EndGlobalSection
	GlobalSection(ExtensibilityGlobals) = postSolution
		SolutionGuid = {C383BE4B-B45D-40FC-8CAA-78FA576D8647}
	EndGlobalSection
EndGlobal
